{
  "lockfileVersion": 1,
  "workspaces": {
    "": {
      "dependencies": {
        "buffer": "^6.0.3",
        "echarts": "^5.6.0",
        "snabbdom": "^3.6.3",
      },
    },
  },
  "packages": {
    "base64-js": ["base64-js@1.5.1", "", {}, "sha512-AKpaYlHn8t4SVbOHCy+b5+KKgvR4vrsD8vbvrbiQJps7fKDTkjkDry6ji0rUJjC0kzbNePLwzxq8iypo41qeWA=="],

    "buffer": ["buffer@6.0.3", "", { "dependencies": { "base64-js": "^1.3.1", "ieee754": "^1.2.1" } }, "sha512-FTiCpNxtwiZZHEZbcbTIcZjERVICn9yq/pDFkTl95/AxzD1naBctN7YO68riM/gLSDY7sdrMby8hofADYuuqOA=="],

    "echarts": ["echarts@5.6.0", "", { "dependencies": { "tslib": "2.3.0", "zrender": "5.6.1" } }, "sha512-oTbVTsXfKuEhxftHqL5xprgLoc0k7uScAwtryCgWF6hPYFLRwOUHiFmHGCBKP5NPFNkDVopOieyUqYGH8Fa3kA=="],

    "ieee754": ["ieee754@1.2.1", "", {}, "sha512-dcyqhDvX1C46lXZcVqCpK+FtMRQVdIMN6/Df5js2zouUsqG7I6sFxitIC+7KYK29KdXOLHdu9zL4sFnoVQnqaA=="],

    "snabbdom": ["snabbdom@3.6.3", "", {}, "sha512-W2lHLLw2qR2Vv0DcMmcxXqcfdBaIcoN+y/86SmHv8fn4DazEQSH6KN3TjZcWvwujW56OHiiirsbHWZb4vx/0fg=="],

    "tslib": ["tslib@2.3.0", "", {}, "sha512-N82ooyxVNm6h1riLCoyS9e3fuJ3AMG2zIZs2Gd1ATcSFjSA23Q0fzjjZeh0jbJvWVDZ0cJT8yaNNaaXHzueNjg=="],

    "zrender": ["zrender@5.6.1", "", { "dependencies": { "tslib": "2.3.0" } }, "sha512-OFXkDJKcrlx5su2XbzJvj/34Q3m6PvyCZkVPHGYpcCJ52ek4U/ymZyfuV1nKE23AyBJ51E/6Yr0mhZ7xGTO4ag=="],
  }
}
